<?xml version="1.0" encoding="utf-8"?>
<Project ToolsVersion="4.0" xmlns="http://schemas.microsoft.com/developer/msbuild/2003">
  <ItemGroup>
    <Filter Include="Source Files">
      <UniqueIdentifier>{4FC737F1-C7A5-4376-A066-2A32D752A2FF}</UniqueIdentifier>
      <Extensions>cpp;c;cc;cxx;def;odl;idl;hpj;bat;asm;asmx</Extensions>
    </Filter>
    <Filter Include="Source Files\polarssl">
      <UniqueIdentifier>{dfec7c2d-ac92-481f-a1eb-732b0669b7d1}</UniqueIdentifier>
    </Filter>
    <Filter Include="Source Files\tinyxml">
      <UniqueIdentifier>{dd509a5e-b804-4879-b0b7-876718c9621a}</UniqueIdentifier>
    </Filter>
    <Filter Include="Header Files">
      <UniqueIdentifier>{93995380-89BD-4b04-88EB-625FBE52EBFB}</UniqueIdentifier>
      <Extensions>h;hpp;hxx;hm;inl;inc;xsd</Extensions>
    </Filter>
    <Filter Include="Header Files\polarssl">
      <UniqueIdentifier>{d16b9918-7159-4a81-a0b7-521c2b2f8a30}</UniqueIdentifier>
    </Filter>
    <Filter Include="Header Files\tinyxml">
      <UniqueIdentifier>{492dc50f-e790-426b-b991-86306ad69fd4}</UniqueIdentifier>
    </Filter>
    <Filter Include="Resource Files">
      <UniqueIdentifier>{67DA6AB6-F800-4c08-8B7A-83BB121AAD01}</UniqueIdentifier>
      <Extensions>rc;ico;cur;bmp;dlg;rc2;rct;bin;rgs;gif;jpg;jpeg;jpe;resx;tiff;tif;png;wav</Extensions>
    </Filter>
  </ItemGroup>
  <ItemGroup>
    <ClCompile Include="cia.c">
      <Filter>Source Files</Filter>
    </ClCompile>
    <ClCompile Include="ctr.c">
      <Filter>Source Files</Filter>
    </ClCompile>
    <ClCompile Include="cwav.c">
      <Filter>Source Files</Filter>
    </ClCompile>
    <ClCompile Include="exefs.c">
      <Filter>Source Files</Filter>
    </ClCompile>
    <ClCompile Include="exheader.c">
      <Filter>Source Files</Filter>
    </ClCompile>
    <ClCompile Include="filepath.c">
      <Filter>Source Files</Filter>
    </ClCompile>
    <ClCompile Include="firm.c">
      <Filter>Source Files</Filter>
    </ClCompile>
    <ClCompile Include="windows\getopt.c">
      <Filter>Source Files</Filter>
    </ClCompile>
    <ClCompile Include="windows\getopt1.c">
      <Filter>Source Files</Filter>
    </ClCompile>
    <ClCompile Include="ivfc.c">
      <Filter>Source Files</Filter>
    </ClCompile>
    <ClCompile Include="keyset.cpp">
      <Filter>Source Files</Filter>
    </ClCompile>
    <ClCompile Include="lzss.c">
      <Filter>Source Files</Filter>
    </ClCompile>
    <ClCompile Include="main.c">
      <Filter>Source Files</Filter>
    </ClCompile>
    <ClCompile Include="ncch.c">
      <Filter>Source Files</Filter>
    </ClCompile>
    <ClCompile Include="ncsd.c">
      <Filter>Source Files</Filter>
    </ClCompile>
    <ClCompile Include="romfs.c">
      <Filter>Source Files</Filter>
    </ClCompile>
    <ClCompile Include="settings.c">
      <Filter>Source Files</Filter>
    </ClCompile>
    <ClCompile Include="stream.c">
      <Filter>Source Files</Filter>
    </ClCompile>
    <ClCompile Include="tik.c">
      <Filter>Source Files</Filter>
    </ClCompile>
    <ClCompile Include="tmd.c">
      <Filter>Source Files</Filter>
    </ClCompile>
    <ClCompile Include="utils.c">
      <Filter>Source Files</Filter>
    </ClCompile>
    <ClCompile Include="polarssl\aes.c">
      <Filter>Source Files\polarssl</Filter>
    </ClCompile>
    <ClCompile Include="polarssl\bignum.c">
      <Filter>Source Files\polarssl</Filter>
    </ClCompile>
    <ClCompile Include="polarssl\rsa.c">
      <Filter>Source Files\polarssl</Filter>
    </ClCompile>
    <ClCompile Include="polarssl\sha2.c">
      <Filter>Source Files\polarssl</Filter>
    </ClCompile>
    <ClCompile Include="tinyxml\tinystr.cpp">
      <Filter>Source Files\tinyxml</Filter>
    </ClCompile>
    <ClCompile Include="tinyxml\tinyxml.cpp">
      <Filter>Source Files\tinyxml</Filter>
    </ClCompile>
    <ClCompile Include="tinyxml\tinyxmlerror.cpp">
      <Filter>Source Files\tinyxml</Filter>
    </ClCompile>
    <ClCompile Include="tinyxml\tinyxmlparser.cpp">
      <Filter>Source Files\tinyxml</Filter>
    </ClCompile>
  </ItemGroup>
  <ItemGroup>
    <ClInclude Include="cia.h">
      <Filter>Header Files</Filter>
    </ClInclude>
    <ClInclude Include="ctr.h">
      <Filter>Header Files</Filter>
    </ClInclude>
    <ClInclude Include="cwav.h">
      <Filter>Header Files</Filter>
    </ClInclude>
    <ClInclude Include="exefs.h">
      <Filter>Header Files</Filter>
    </ClInclude>
    <ClInclude Include="exheader.h">
      <Filter>Header Files</Filter>
    </ClInclude>
    <ClInclude Include="filepath.h">
      <Filter>Header Files</Filter>
    </ClInclude>
    <ClInclude Include="firm.h">
      <Filter>Header Files</Filter>
    </ClInclude>
    <ClInclude Include="windows\getopt.h">
      <Filter>Header Files</Filter>
    </ClInclude>
    <ClInclude Include="info.h">
      <Filter>Header Files</Filter>
    </ClInclude>
    <ClInclude Include="ivfc.h">
      <Filter>Header Files</Filter>
    </ClInclude>
    <ClInclude Include="keyset.h">
      <Filter>Header Files</Filter>
    </ClInclude>
    <ClInclude Include="lzss.h">
      <Filter>Header Files</Filter>
    </ClInclude>
    <ClInclude Include="ncch.h">
      <Filter>Header Files</Filter>
    </ClInclude>
    <ClInclude Include="ncsd.h">
      <Filter>Header Files</Filter>
    </ClInclude>
    <ClInclude Include="romfs.h">
      <Filter>Header Files</Filter>
    </ClInclude>
    <ClInclude Include="settings.h">
      <Filter>Header Files</Filter>
    </ClInclude>
    <ClInclude Include="stream.h">
      <Filter>Header Files</Filter>
    </ClInclude>
    <ClInclude Include="tik.h">
      <Filter>Header Files</Filter>
    </ClInclude>
    <ClInclude Include="tmd.h">
      <Filter>Header Files</Filter>
    </ClInclude>
    <ClInclude Include="types.h">
      <Filter>Header Files</Filter>
    </ClInclude>
    <ClInclude Include="utils.h">
      <Filter>Header Files</Filter>
    </ClInclude>
    <ClInclude Include="polarssl\aes.h">
      <Filter>Header Files\polarssl</Filter>
    </ClInclude>
    <ClInclude Include="polarssl\bignum.h">
      <Filter>Header Files\polarssl</Filter>
    </ClInclude>
    <ClInclude Include="polarssl\bn_mul.h">
      <Filter>Header Files\polarssl</Filter>
    </ClInclude>
    <ClInclude Include="polarssl\config.h">
      <Filter>Header Files\polarssl</Filter>
    </ClInclude>
    <ClInclude Include="polarssl\rsa.h">
      <Filter>Header Files\polarssl</Filter>
    </ClInclude>
    <ClInclude Include="polarssl\sha2.h">
      <Filter>Header Files\polarssl</Filter>
    </ClInclude>
    <ClInclude Include="tinyxml\tinystr.h">
      <Filter>Header Files\tinyxml</Filter>
    </ClInclude>
    <ClInclude Include="tinyxml\tinyxml.h">
      <Filter>Header Files\tinyxml</Filter>
    </ClInclude>
  </ItemGroup>
</Project>